{
  "object": {
    "pins": [
      {
        "package": "PickerController",
        "repositoryURL": "https://github.com/shashankpali/PickerController",
        "state": {
          "branch": "main",
          "revision": "b5f6def521328650fb84108201d9c4c06e3d70c1",
          "version": null
        }
      }
    ]
  },
  "version": 1
}
