{
  "object": {
    "pins": [
      {
        "package": "PickerController",
        "repositoryURL": "https://github.com/shashankpali/PickerController",
        "state": {
          "branch": "main",
          "revision": "a00a816e9a9658494ba5498d1f856807ccd1ae7f",
          "version": null
        }
      }
    ]
  },
  "version": 1
}
